// !$*UTF8*$!
{
	archiveVersion = 1;
	classes = {
	};
	objectVersion = 50;
	objects = {

/* Begin PBXBuildFile section */
		170AFD2B2465C4710095389D /* AppDelegate.swift in Sources */ = {isa = PBXBuildFile; fileRef = 170AFD2A2465C4710095389D /* AppDelegate.swift */; };
		170AFD2D2465C4710095389D /* SceneDelegate.swift in Sources */ = {isa = PBXBuildFile; fileRef = 170AFD2C2465C4710095389D /* SceneDelegate.swift */; };
		170AFD302465C4710095389D /* Cloud_ToDo.xcdatamodeld in Sources */ = {isa = PBXBuildFile; fileRef = 170AFD2E2465C4710095389D /* Cloud_ToDo.xcdatamodeld */; };
		170AFD322465C4710095389D /* ContentView.swift in Sources */ = {isa = PBXBuildFile; fileRef = 170AFD312465C4710095389D /* ContentView.swift */; };
		170AFD342465C4740095389D /* Assets.xcassets in Resources */ = {isa = PBXBuildFile; fileRef = 170AFD332465C4740095389D /* Assets.xcassets */; };
		170AFD372465C4740095389D /* Preview Assets.xcassets in Resources */ = {isa = PBXBuildFile; fileRef = 170AFD362465C4740095389D /* Preview Assets.xcassets */; };
		170AFD3A2465C4740095389D /* LaunchScreen.storyboard in Resources */ = {isa = PBXBuildFile; fileRef = 170AFD382465C4740095389D /* LaunchScreen.storyboard */; };
/* End PBXBuildFile section */

/* Begin PBXFileReference section */
		170AFD272465C4710095389D /* Cloud ToDo.app */ = {isa = PBXFileReference; explicitFileType = wrapper.application; includeInIndex = 0; path = "Cloud ToDo.app"; sourceTree = BUILT_PRODUCTS_DIR; };
		170AFD2A2465C4710095389D /* AppDelegate.swift */ = {isa = PBXFileReference; lastKnownFileType = sourcecode.swift; path = AppDelegate.swift; sourceTree = "<group>"; };
		170AFD2C2465C4710095389D /* SceneDelegate.swift */ = {isa = PBXFileReference; lastKnownFileType = sourcecode.swift; path = SceneDelegate.swift; sourceTree = "<group>"; };
		170AFD2F2465C4710095389D /* Cloud_ToDo.xcdatamodel */ = {isa = PBXFileReference; lastKnownFileType = wrapper.xcdatamodel; path = Cloud_ToDo.xcdatamodel; sourceTree = "<group>"; };
		170AFD312465C4710095389D /* ContentView.swift */ = {isa = PBXFileReference; lastKnownFileType = sourcecode.swift; path = ContentView.swift; sourceTree = "<group>"; };
		170AFD332465C4740095389D /* Assets.xcassets */ = {isa = PBXFileReference; lastKnownFileType = folder.assetcatalog; path = Assets.xcassets; sourceTree = "<group>"; };
		170AFD362465C4740095389D /* Preview Assets.xcassets */ = {isa = PBXFileReference; lastKnownFileType = folder.assetcatalog; path = "Preview Assets.xcassets"; sourceTree = "<group>"; };
		170AFD392465C4740095389D /* Base */ = {isa = PBXFileReference; lastKnownFileType = file.storyboard; name = Base; path = Base.lproj/LaunchScreen.storyboard; sourceTree = "<group>"; };
		170AFD3B2465C4740095389D /* Info.plist */ = {isa = PBXFileReference; lastKnownFileType = text.plist.xml; path = Info.plist; sourceTree = "<group>"; };
/* End PBXFileReference section */

/* Begin PBXFrameworksBuildPhase section */
		170AFD242465C4710095389D /* Frameworks */ = {
			isa = PBXFrameworksBuildPhase;
			buildActionMask = 2147483647;
			files = (
			);
			runOnlyForDeploymentPostprocessing = 0;
		};
/* End PBXFrameworksBuildPhase section */

/* Begin PBXGroup section */
		170AFD1E2465C4710095389D = {
			isa = PBXGroup;
			children = (
				170AFD292465C4710095389D /* Cloud ToDo */,
				170AFD282465C4710095389D /* Products */,
			);
			sourceTree = "<group>";
		};
		170AFD282465C4710095389D /* Products */ = {
			isa = PBXGroup;
			children = (
				170AFD272465C4710095389D /* Cloud ToDo.app */,
			);
			name = Products;
			sourceTree = "<group>";
		};
		170AFD292465C4710095389D /* Cloud ToDo */ = {
			isa = PBXGroup;
			children = (
				170AFD2A2465C4710095389D /* AppDelegate.swift */,
				170AFD2C2465C4710095389D /* SceneDelegate.swift */,
				170AFD312465C4710095389D /* ContentView.swift */,
				170AFD332465C4740095389D /* Assets.xcassets */,
				170AFD382465C4740095389D /* LaunchScreen.storyboard */,
				170AFD3B2465C4740095389D /* Info.plist */,
				170AFD2E2465C4710095389D /* Cloud_ToDo.xcdatamodeld */,
				170AFD352465C4740095389D /* Preview Content */,
			);
			path = "Cloud ToDo";
			sourceTree = "<group>";
		};
		170AFD352465C4740095389D /* Preview Content */ = {
			isa = PBXGroup;
			children = (
				170AFD362465C4740095389D /* Preview Assets.xcassets */,
			);
			path = "Preview Content";
			sourceTree = "<group>";
		};
/* End PBXGroup section */

/* Begin PBXNativeTarget section */
		170AFD262465C4710095389D /* Cloud ToDo */ = {
			isa = PBXNativeTarget;
			buildConfigurationList = 170AFD3E2465C4740095389D /* Build configuration list for PBXNativeTarget "Cloud ToDo" */;
			buildPhases = (
				170AFD232465C4710095389D /* Sources */,
				170AFD242465C4710095389D /* Frameworks */,
				170AFD252465C4710095389D /* Resources */,
			);
			buildRules = (
			);
			dependencies = (
			);
			name = "Cloud ToDo";
			productName = "Cloud ToDo";
			productReference = 170AFD272465C4710095389D /* Cloud ToDo.app */;
			productType = "com.apple.product-type.application";
		};
/* End PBXNativeTarget section */

/* Begin PBXProject section */
		170AFD1F2465C4710095389D /* Project object */ = {
			isa = PBXProject;
			attributes = {
				LastSwiftUpdateCheck = 1140;
				LastUpgradeCheck = 1140;
				ORGANIZATIONNAME = Philipp;
				TargetAttributes = {
					170AFD262465C4710095389D = {
						CreatedOnToolsVersion = 11.4.1;
					};
				};
			};
			buildConfigurationList = 170AFD222465C4710095389D /* Build configuration list for PBXProject "Cloud ToDo" */;
			compatibilityVersion = "Xcode 9.3";
			developmentRegion = en;
			hasScannedForEncodings = 0;
			knownRegions = (
				en,
				Base,
			);
			mainGroup = 170AFD1E2465C4710095389D;
			productRefGroup = 170AFD282465C4710095389D /* Products */;
			projectDirPath = "";
			projectRoot = "";
			targets = (
				170AFD262465C4710095389D /* Cloud ToDo */,
			);
		};
/* End PBXProject section */

/* Begin PBXResourcesBuildPhase section */
		170AFD252465C4710095389D /* Resources */ = {
			isa = PBXResourcesBuildPhase;
			buildActionMask = 2147483647;
			files = (
				170AFD3A2465C4740095389D /* LaunchScreen.storyboard in Resources */,
				170AFD372465C4740095389D /* Preview Assets.xcassets in Resources */,
				170AFD342465C4740095389D /* Assets.xcassets in Resources */,
			);
			runOnlyForDeploymentPostprocessing = 0;
		};
/* End PBXResourcesBuildPhase section */

/* Begin PBXSourcesBuildPhase section */
		170AFD232465C4710095389D /* Sources */ = {
			isa = PBXSourcesBuildPhase;
			buildActionMask = 2147483647;
			files = (
				170AFD2B2465C4710095389D /* AppDelegate.swift in Sources */,
				170AFD302465C4710095389D /* Cloud_ToDo.xcdatamodeld in Sources */,
				170AFD322465C4710095389D /* ContentView.swift in Sources */,
				170AFD2D2465C4710095389D /* SceneDelegate.swift in Sources */,
			);
			runOnlyForDeploymentPostprocessing = 0;
		};
/* End PBXSourcesBuildPhase section */

/* Begin PBXVariantGroup section */
		170AFD382465C4740095389D /* LaunchScreen.storyboard */ = {
			isa = PBXVariantGroup;
			children = (
				170AFD392465C4740095389D /* Base */,
			);
			name = LaunchScreen.storyboard;
			sourceTree = "<group>";
		};
/* End PBXVariantGroup section */

/* Begin XCBuildConfiguration section */
		170AFD3C2465C4740095389D /* Debug */ = {
			isa = XCBuildConfiguration;
			buildSettings = {
				ALWAYS_SEARCH_USER_PATHS = NO;
				CLANG_ANALYZER_NONNULL = YES;
				CLANG_ANALYZER_NUMBER_OBJECT_CONVERSION = YES_AGGRESSIVE;
				CLANG_CXX_LANGUAGE_STANDARD = "gnu++14";
				CLANG_CXX_LIBRARY = "libc++";
				CLANG_ENABLE_MODULES = YES;
				CLANG_ENABLE_OBJC_ARC = YES;
				CLANG_ENABLE_OBJC_WEAK = YES;
				CLANG_WARN_BLOCK_CAPTURE_AUTORELEASING = YES;
				CLANG_WARN_BOOL_CONVERSION = YES;
				CLANG_WARN_COMMA = YES;
				CLANG_WARN_CONSTANT_CONVERSION = YES;
				CLANG_WARN_DEPRECATED_OBJC_IMPLEMENTATIONS = YES;
				CLANG_WARN_DIRECT_OBJC_ISA_USAGE = YES_ERROR;
				CLANG_WARN_DOCUMENTATION_COMMENTS = YES;
				CLANG_WARN_EMPTY_BODY = YES;
				CLANG_WARN_ENUM_CONVERSION = YES;
				CLANG_WARN_INFINITE_RECURSION = YES;
				CLANG_WARN_INT_CONVERSION = YES;
				CLANG_WARN_NON_LITERAL_NULL_CONVERSION = YES;
				CLANG_WARN_OBJC_IMPLICIT_RETAIN_SELF = YES;
				CLANG_WARN_OBJC_LITERAL_CONVERSION = YES;
				CLANG_WARN_OBJC_ROOT_CLASS = YES_ERROR;
				CLANG_WARN_RANGE_LOOP_ANALYSIS = YES;
				CLANG_WARN_STRICT_PROTOTYPES = YES;
				CLANG_WARN_SUSPICIOUS_MOVE = YES;
				CLANG_WARN_UNGUARDED_AVAILABILITY = YES_AGGRESSIVE;
				CLANG_WARN_UNREACHABLE_CODE = YES;
				CLANG_WARN__DUPLICATE_METHOD_MATCH = YES;
				COPY_PHASE_STRIP = NO;
				DEBUG_INFORMATION_FORMAT = dwarf;
				ENABLE_STRICT_OBJC_MSGSEND = YES;
				ENABLE_TESTABILITY = YES;
				GCC_C_LANGUAGE_STANDARD = gnu11;
				GCC_DYNAMIC_NO_PIC = NO;
				GCC_NO_COMMON_BLOCKS = YES;
				GCC_OPTIMIZATION_LEVEL = 0;
				GCC_PREPROCESSOR_DEFINITIONS = (
					"DEBUG=1",
					"$(inherited)",
				);
				GCC_WARN_64_TO_32_BIT_CONVERSION = YES;
				GCC_WARN_ABOUT_RETURN_TYPE = YES_ERROR;
				GCC_WARN_UNDECLARED_SELECTOR = YES;
				GCC_WARN_UNINITIALIZED_AUTOS = YES_AGGRESSIVE;
				GCC_WARN_UNUSED_FUNCTION = YES;
				GCC_WARN_UNUSED_VARIABLE = YES;
				IPHONEOS_DEPLOYMENT_TARGET = 13.4;
				MTL_ENABLE_DEBUG_INFO = INCLUDE_SOURCE;
				MTL_FAST_MATH = YES;
				ONLY_ACTIVE_ARCH = YES;
				SDKROOT = iphoneos;
				SWIFT_ACTIVE_COMPILATION_CONDITIONS = DEBUG;
				SWIFT_OPTIMIZATION_LEVEL = "-Onone";
			};
			name = Debug;
		};
		170AFD3D2465C4740095389D /* Release */ = {
			isa = XCBuildConfiguration;
			buildSettings = {
				ALWAYS_SEARCH_USER_PATHS = NO;
				CLANG_ANALYZER_NONNULL = YES;
				CLANG_ANALYZER_NUMBER_OBJECT_CONVERSION = YES_AGGRESSIVE;
				CLANG_CXX_LANGUAGE_STANDARD = "gnu++14";
				CLANG_CXX_LIBRARY = "libc++";
				CLANG_ENABLE_MODULES = YES;
				CLANG_ENABLE_OBJC_ARC = YES;
				CLANG_ENABLE_OBJC_WEAK = YES;
				CLANG_WARN_BLOCK_CAPTURE_AUTORELEASING = YES;
				CLANG_WARN_BOOL_CONVERSION = YES;
				CLANG_WARN_COMMA = YES;
				CLANG_WARN_CONSTANT_CONVERSION = YES;
				CLANG_WARN_DEPRECATED_OBJC_IMPLEMENTATIONS = YES;
				CLANG_WARN_DIRECT_OBJC_ISA_USAGE = YES_ERROR;
				CLANG_WARN_DOCUMENTATION_COMMENTS = YES;
				CLANG_WARN_EMPTY_BODY = YES;
				CLANG_WARN_ENUM_CONVERSION = YES;
				CLANG_WARN_INFINITE_RECURSION = YES;
				CLANG_WARN_INT_CONVERSION = YES;
				CLANG_WARN_NON_LITERAL_NULL_CONVERSION = YES;
				CLANG_WARN_OBJC_IMPLICIT_RETAIN_SELF = YES;
				CLANG_WARN_OBJC_LITERAL_CONVERSION = YES;
				CLANG_WARN_OBJC_ROOT_CLASS = YES_ERROR;
				CLANG_WARN_RANGE_LOOP_ANALYSIS = YES;
				CLANG_WARN_STRICT_PROTOTYPES = YES;
				CLANG_WARN_SUSPICIOUS_MOVE = YES;
				CLANG_WARN_UNGUARDED_AVAILABILITY = YES_AGGRESSIVE;
				CLANG_WARN_UNREACHABLE_CODE = YES;
				CLANG_WARN__DUPLICATE_METHOD_MATCH = YES;
				COPY_PHASE_STRIP = NO;
				DEBUG_INFORMATION_FORMAT = "dwarf-with-dsym";
				ENABLE_NS_ASSERTIONS = NO;
				ENABLE_STRICT_OBJC_MSGSEND = YES;
				GCC_C_LANGUAGE_STANDARD = gnu11;
				GCC_NO_COMMON_BLOCKS = YES;
				GCC_WARN_64_TO_32_BIT_CONVERSION = YES;
				GCC_WARN_ABOUT_RETURN_TYPE = YES_ERROR;
				GCC_WARN_UNDECLARED_SELECTOR = YES;
				GCC_WARN_UNINITIALIZED_AUTOS = YES_AGGRESSIVE;
				GCC_WARN_UNUSED_FUNCTION = YES;
				GCC_WARN_UNUSED_VARIABLE = YES;
				IPHONEOS_DEPLOYMENT_TARGET = 13.4;
				MTL_ENABLE_DEBUG_INFO = NO;
				MTL_FAST_MATH = YES;
				SDKROOT = iphoneos;
				SWIFT_COMPILATION_MODE = wholemodule;
				SWIFT_OPTIMIZATION_LEVEL = "-O";
				VALIDATE_PRODUCT = YES;
			};
			name = Release;
		};
		170AFD3F2465C4740095389D /* Debug */ = {
			isa = XCBuildConfiguration;
			buildSettings = {
				ASSETCATALOG_COMPILER_APPICON_NAME = AppIcon;
				CODE_SIGN_STYLE = Automatic;
				DEVELOPMENT_ASSET_PATHS = "\"Cloud ToDo/Preview Content\"";
				DEVELOPMENT_TEAM = P8CC95REUG;
				ENABLE_PREVIEWS = YES;
				INFOPLIST_FILE = "Cloud ToDo/Info.plist";
				LD_RUNPATH_SEARCH_PATHS = (
					"$(inherited)",
					"@executable_path/Frameworks",
				);
				PRODUCT_BUNDLE_IDENTIFIER = "com.yourcompany.Cloud-ToDo";
				PRODUCT_NAME = "$(TARGET_NAME)";
				SWIFT_VERSION = 5.0;
				TARGETED_DEVICE_FAMILY = "1,2";
			};
			name = Debug;
		};
		170AFD402465C4740095389D /* Release */ = {
			isa = XCBuildConfiguration;
			buildSettings = {
				ASSETCATALOG_COMPILER_APPICON_NAME = AppIcon;
				CODE_SIGN_STYLE = Automatic;
				DEVELOPMENT_ASSET_PATHS = "\"Cloud ToDo/Preview Content\"";
				DEVELOPMENT_TEAM = P8CC95REUG;
				ENABLE_PREVIEWS = YES;
				INFOPLIST_FILE = "Cloud ToDo/Info.plist";
				LD_RUNPATH_SEARCH_PATHS = (
					"$(inherited)",
					"@executable_path/Frameworks",
				);
				PRODUCT_BUNDLE_IDENTIFIER = "com.yourcompany.Cloud-ToDo";
				PRODUCT_NAME = "$(TARGET_NAME)";
				SWIFT_VERSION = 5.0;
				TARGETED_DEVICE_FAMILY = "1,2";
			};
			name = Release;
		};
/* End XCBuildConfiguration section */

/* Begin XCConfigurationList section */
		170AFD222465C4710095389D /* Build configuration list for PBXProject "Cloud ToDo" */ = {
			isa = XCConfigurationList;
			buildConfigurations = (
				170AFD3C2465C4740095389D /* Debug */,
				170AFD3D2465C4740095389D /* Release */,
			);
			defaultConfigurationIsVisible = 0;
			defaultConfigurationName = Release;
		};
		170AFD3E2465C4740095389D /* Build configuration list for PBXNativeTarget "Cloud ToDo" */ = {
			isa = XCConfigurationList;
			buildConfigurations = (
				170AFD3F2465C4740095389D /* Debug */,
				170AFD402465C4740095389D /* Release */,
			);
			defaultConfigurationIsVisible = 0;
			defaultConfigurationName = Release;
		};
/* End XCConfigurationList section */

/* Begin XCVersionGroup section */
		170AFD2E2465C4710095389D /* Cloud_ToDo.xcdatamodeld */ = {
			isa = XCVersionGroup;
			children = (
				170AFD2F2465C4710095389D /* Cloud_ToDo.xcdatamodel */,
			);
			currentVersion = 170AFD2F2465C4710095389D /* Cloud_ToDo.xcdatamodel */;
			path = Cloud_ToDo.xcdatamodeld;
			sourceTree = "<group>";
			versionGroupType = wrapper.xcdatamodel;
		};
/* End XCVersionGroup section */
	};
	rootObject = 170AFD1F2465C4710095389D /* Project object */;
}
